// !$*UTF8*$!
{
	archiveVersion = 1;
	classes = {
	};
	objectVersion = 50;
	objects = {

/* Begin PBXBuildFile section */
		16141E07222B4736006F4016 /* AppDelegate.swift in Sources */ = {isa = PBXBuildFile; fileRef = 16141E06222B4736006F4016 /* AppDelegate.swift */; };
		16141E09222B4736006F4016 /* ViewController.swift in Sources */ = {isa = PBXBuildFile; fileRef = 16141E08222B4736006F4016 /* ViewController.swift */; };
		16141E0C222B4736006F4016 /* Main.storyboard in Resources */ = {isa = PBXBuildFile; fileRef = 16141E0A222B4736006F4016 /* Main.storyboard */; };
		16141E0E222B4737006F4016 /* Assets.xcassets in Resources */ = {isa = PBXBuildFile; fileRef = 16141E0D222B4737006F4016 /* Assets.xcassets */; };
		16141E11222B4737006F4016 /* LaunchScreen.storyboard in Resources */ = {isa = PBXBuildFile; fileRef = 16141E0F222B4737006F4016 /* LaunchScreen.storyboard */; };
		16141E1C222B4738006F4016 /* Hood_Ranker_iOSTests.swift in Sources */ = {isa = PBXBuildFile; fileRef = 16141E1B222B4738006F4016 /* Hood_Ranker_iOSTests.swift */; };
		16141E27222B4738006F4016 /* Hood_Ranker_iOSUITests.swift in Sources */ = {isa = PBXBuildFile; fileRef = 16141E26222B4738006F4016 /* Hood_Ranker_iOSUITests.swift */; };
		475BB2488FE40BB0FC3F4ED2 /* Pods_Hood_Ranker_iOSTests.framework in Frameworks */ = {isa = PBXBuildFile; fileRef = 85A2E780392FE21F7D5B98F3 /* Pods_Hood_Ranker_iOSTests.framework */; };
		7EBF435E181A50A4E968B56C /* Pods_Hood_Ranker_iOSUITests.framework in Frameworks */ = {isa = PBXBuildFile; fileRef = A89E40E788DC8514C20830AB /* Pods_Hood_Ranker_iOSUITests.framework */; };
		CCB3287FAE6A0D50ABEF7B26 /* Pods_Hood_Ranker_iOS.framework in Frameworks */ = {isa = PBXBuildFile; fileRef = FDCD09C23D271C325D4F1AC5 /* Pods_Hood_Ranker_iOS.framework */; };
/* End PBXBuildFile section */

/* Begin PBXContainerItemProxy section */
		16141E18222B4738006F4016 /* PBXContainerItemProxy */ = {
			isa = PBXContainerItemProxy;
			containerPortal = 16141DFB222B4736006F4016 /* Project object */;
			proxyType = 1;
			remoteGlobalIDString = 16141E02222B4736006F4016;
			remoteInfo = "Hood-Ranker-iOS";
		};
		16141E23222B4738006F4016 /* PBXContainerItemProxy */ = {
			isa = PBXContainerItemProxy;
			containerPortal = 16141DFB222B4736006F4016 /* Project object */;
			proxyType = 1;
			remoteGlobalIDString = 16141E02222B4736006F4016;
			remoteInfo = "Hood-Ranker-iOS";
		};
/* End PBXContainerItemProxy section */

/* Begin PBXFileReference section */
		08740B74376AC7F11BC4EF4D /* Pods-Hood-Ranker-iOSUITests.release.xcconfig */ = {isa = PBXFileReference; includeInIndex = 1; lastKnownFileType = text.xcconfig; name = "Pods-Hood-Ranker-iOSUITests.release.xcconfig"; path = "Pods/Target Support Files/Pods-Hood-Ranker-iOSUITests/Pods-Hood-Ranker-iOSUITests.release.xcconfig"; sourceTree = "<group>"; };
		16141E03222B4736006F4016 /* Hood-Ranker-iOS.app */ = {isa = PBXFileReference; explicitFileType = wrapper.application; includeInIndex = 0; path = "Hood-Ranker-iOS.app"; sourceTree = BUILT_PRODUCTS_DIR; };
		16141E06222B4736006F4016 /* AppDelegate.swift */ = {isa = PBXFileReference; lastKnownFileType = sourcecode.swift; path = AppDelegate.swift; sourceTree = "<group>"; };
		16141E08222B4736006F4016 /* ViewController.swift */ = {isa = PBXFileReference; lastKnownFileType = sourcecode.swift; path = ViewController.swift; sourceTree = "<group>"; };
		16141E0B222B4736006F4016 /* Base */ = {isa = PBXFileReference; lastKnownFileType = file.storyboard; name = Base; path = Base.lproj/Main.storyboard; sourceTree = "<group>"; };
		16141E0D222B4737006F4016 /* Assets.xcassets */ = {isa = PBXFileReference; lastKnownFileType = folder.assetcatalog; path = Assets.xcassets; sourceTree = "<group>"; };
		16141E10222B4737006F4016 /* Base */ = {isa = PBXFileReference; lastKnownFileType = file.storyboard; name = Base; path = Base.lproj/LaunchScreen.storyboard; sourceTree = "<group>"; };
		16141E12222B4737006F4016 /* Info.plist */ = {isa = PBXFileReference; lastKnownFileType = text.plist.xml; path = Info.plist; sourceTree = "<group>"; };
		16141E17222B4738006F4016 /* Hood-Ranker-iOSTests.xctest */ = {isa = PBXFileReference; explicitFileType = wrapper.cfbundle; includeInIndex = 0; path = "Hood-Ranker-iOSTests.xctest"; sourceTree = BUILT_PRODUCTS_DIR; };
		16141E1B222B4738006F4016 /* Hood_Ranker_iOSTests.swift */ = {isa = PBXFileReference; lastKnownFileType = sourcecode.swift; path = Hood_Ranker_iOSTests.swift; sourceTree = "<group>"; };
		16141E1D222B4738006F4016 /* Info.plist */ = {isa = PBXFileReference; lastKnownFileType = text.plist.xml; path = Info.plist; sourceTree = "<group>"; };
		16141E22222B4738006F4016 /* Hood-Ranker-iOSUITests.xctest */ = {isa = PBXFileReference; explicitFileType = wrapper.cfbundle; includeInIndex = 0; path = "Hood-Ranker-iOSUITests.xctest"; sourceTree = BUILT_PRODUCTS_DIR; };
		16141E26222B4738006F4016 /* Hood_Ranker_iOSUITests.swift */ = {isa = PBXFileReference; lastKnownFileType = sourcecode.swift; path = Hood_Ranker_iOSUITests.swift; sourceTree = "<group>"; };
		16141E28222B4738006F4016 /* Info.plist */ = {isa = PBXFileReference; lastKnownFileType = text.plist.xml; path = Info.plist; sourceTree = "<group>"; };
		8072A2BF81958D9BC5EE7CBE /* Pods-Hood-Ranker-iOS.release.xcconfig */ = {isa = PBXFileReference; includeInIndex = 1; lastKnownFileType = text.xcconfig; name = "Pods-Hood-Ranker-iOS.release.xcconfig"; path = "Pods/Target Support Files/Pods-Hood-Ranker-iOS/Pods-Hood-Ranker-iOS.release.xcconfig"; sourceTree = "<group>"; };
		85A2E780392FE21F7D5B98F3 /* Pods_Hood_Ranker_iOSTests.framework */ = {isa = PBXFileReference; explicitFileType = wrapper.framework; includeInIndex = 0; path = Pods_Hood_Ranker_iOSTests.framework; sourceTree = BUILT_PRODUCTS_DIR; };
		923F21AF98882A0AE84610C5 /* Pods-Hood-Ranker-iOSTests.release.xcconfig */ = {isa = PBXFileReference; includeInIndex = 1; lastKnownFileType = text.xcconfig; name = "Pods-Hood-Ranker-iOSTests.release.xcconfig"; path = "Pods/Target Support Files/Pods-Hood-Ranker-iOSTests/Pods-Hood-Ranker-iOSTests.release.xcconfig"; sourceTree = "<group>"; };
		A38248C5E2AB4DBDA36DB9C5 /* Pods-Hood-Ranker-iOSTests.debug.xcconfig */ = {isa = PBXFileReference; includeInIndex = 1; lastKnownFileType = text.xcconfig; name = "Pods-Hood-Ranker-iOSTests.debug.xcconfig"; path = "Pods/Target Support Files/Pods-Hood-Ranker-iOSTests/Pods-Hood-Ranker-iOSTests.debug.xcconfig"; sourceTree = "<group>"; };
		A89E40E788DC8514C20830AB /* Pods_Hood_Ranker_iOSUITests.framework */ = {isa = PBXFileReference; explicitFileType = wrapper.framework; includeInIndex = 0; path = Pods_Hood_Ranker_iOSUITests.framework; sourceTree = BUILT_PRODUCTS_DIR; };
		C1F7EF00337A0D34DAFA04F6 /* Pods-Hood-Ranker-iOSUITests.debug.xcconfig */ = {isa = PBXFileReference; includeInIndex = 1; lastKnownFileType = text.xcconfig; name = "Pods-Hood-Ranker-iOSUITests.debug.xcconfig"; path = "Pods/Target Support Files/Pods-Hood-Ranker-iOSUITests/Pods-Hood-Ranker-iOSUITests.debug.xcconfig"; sourceTree = "<group>"; };
		F06CC9A4CA7C6343FC50A84E /* Pods-Hood-Ranker-iOS.debug.xcconfig */ = {isa = PBXFileReference; includeInIndex = 1; lastKnownFileType = text.xcconfig; name = "Pods-Hood-Ranker-iOS.debug.xcconfig"; path = "Pods/Target Support Files/Pods-Hood-Ranker-iOS/Pods-Hood-Ranker-iOS.debug.xcconfig"; sourceTree = "<group>"; };
		FDCD09C23D271C325D4F1AC5 /* Pods_Hood_Ranker_iOS.framework */ = {isa = PBXFileReference; explicitFileType = wrapper.framework; includeInIndex = 0; path = Pods_Hood_Ranker_iOS.framework; sourceTree = BUILT_PRODUCTS_DIR; };
/* End PBXFileReference section */

/* Begin PBXFrameworksBuildPhase section */
		16141E00222B4736006F4016 /* Frameworks */ = {
			isa = PBXFrameworksBuildPhase;
			buildActionMask = 2147483647;
			files = (
				CCB3287FAE6A0D50ABEF7B26 /* Pods_Hood_Ranker_iOS.framework in Frameworks */,
			);
			runOnlyForDeploymentPostprocessing = 0;
		};
		16141E14222B4738006F4016 /* Frameworks */ = {
			isa = PBXFrameworksBuildPhase;
			buildActionMask = 2147483647;
			files = (
				475BB2488FE40BB0FC3F4ED2 /* Pods_Hood_Ranker_iOSTests.framework in Frameworks */,
			);
			runOnlyForDeploymentPostprocessing = 0;
		};
		16141E1F222B4738006F4016 /* Frameworks */ = {
			isa = PBXFrameworksBuildPhase;
			buildActionMask = 2147483647;
			files = (
				7EBF435E181A50A4E968B56C /* Pods_Hood_Ranker_iOSUITests.framework in Frameworks */,
			);
			runOnlyForDeploymentPostprocessing = 0;
		};
/* End PBXFrameworksBuildPhase section */

/* Begin PBXGroup section */
		0F1501516FB878FB71E3F28D /* Frameworks */ = {
			isa = PBXGroup;
			children = (
				FDCD09C23D271C325D4F1AC5 /* Pods_Hood_Ranker_iOS.framework */,
				85A2E780392FE21F7D5B98F3 /* Pods_Hood_Ranker_iOSTests.framework */,
				A89E40E788DC8514C20830AB /* Pods_Hood_Ranker_iOSUITests.framework */,
			);
			name = Frameworks;
			sourceTree = "<group>";
		};
		16141DFA222B4736006F4016 = {
			isa = PBXGroup;
			children = (
				16141E05222B4736006F4016 /* Hood-Ranker-iOS */,
				16141E1A222B4738006F4016 /* Hood-Ranker-iOSTests */,
				16141E25222B4738006F4016 /* Hood-Ranker-iOSUITests */,
				16141E04222B4736006F4016 /* Products */,
				55D2062EE531A151513030F6 /* Pods */,
				0F1501516FB878FB71E3F28D /* Frameworks */,
			);
			sourceTree = "<group>";
		};
		16141E04222B4736006F4016 /* Products */ = {
			isa = PBXGroup;
			children = (
				16141E03222B4736006F4016 /* Hood-Ranker-iOS.app */,
				16141E17222B4738006F4016 /* Hood-Ranker-iOSTests.xctest */,
				16141E22222B4738006F4016 /* Hood-Ranker-iOSUITests.xctest */,
			);
			name = Products;
			sourceTree = "<group>";
		};
		16141E05222B4736006F4016 /* Hood-Ranker-iOS */ = {
			isa = PBXGroup;
			children = (
				16141E06222B4736006F4016 /* AppDelegate.swift */,
				16141E08222B4736006F4016 /* ViewController.swift */,
				16141E0A222B4736006F4016 /* Main.storyboard */,
				16141E0D222B4737006F4016 /* Assets.xcassets */,
				16141E0F222B4737006F4016 /* LaunchScreen.storyboard */,
				16141E12222B4737006F4016 /* Info.plist */,
			);
			path = "Hood-Ranker-iOS";
			sourceTree = "<group>";
		};
		16141E1A222B4738006F4016 /* Hood-Ranker-iOSTests */ = {
			isa = PBXGroup;
			children = (
				16141E1B222B4738006F4016 /* Hood_Ranker_iOSTests.swift */,
				16141E1D222B4738006F4016 /* Info.plist */,
			);
			path = "Hood-Ranker-iOSTests";
			sourceTree = "<group>";
		};
		16141E25222B4738006F4016 /* Hood-Ranker-iOSUITests */ = {
			isa = PBXGroup;
			children = (
				16141E26222B4738006F4016 /* Hood_Ranker_iOSUITests.swift */,
				16141E28222B4738006F4016 /* Info.plist */,
			);
			path = "Hood-Ranker-iOSUITests";
			sourceTree = "<group>";
		};
		55D2062EE531A151513030F6 /* Pods */ = {
			isa = PBXGroup;
			children = (
				F06CC9A4CA7C6343FC50A84E /* Pods-Hood-Ranker-iOS.debug.xcconfig */,
				8072A2BF81958D9BC5EE7CBE /* Pods-Hood-Ranker-iOS.release.xcconfig */,
				A38248C5E2AB4DBDA36DB9C5 /* Pods-Hood-Ranker-iOSTests.debug.xcconfig */,
				923F21AF98882A0AE84610C5 /* Pods-Hood-Ranker-iOSTests.release.xcconfig */,
				C1F7EF00337A0D34DAFA04F6 /* Pods-Hood-Ranker-iOSUITests.debug.xcconfig */,
				08740B74376AC7F11BC4EF4D /* Pods-Hood-Ranker-iOSUITests.release.xcconfig */,
			);
			name = Pods;
			sourceTree = "<group>";
		};
/* End PBXGroup section */

/* Begin PBXNativeTarget section */
		16141E02222B4736006F4016 /* Hood-Ranker-iOS */ = {
			isa = PBXNativeTarget;
			buildConfigurationList = 16141E2B222B4738006F4016 /* Build configuration list for PBXNativeTarget "Hood-Ranker-iOS" */;
			buildPhases = (
				F8AC9F7E9E7845D88BD956EC /* [CP] Check Pods Manifest.lock */,
				16141DFF222B4736006F4016 /* Sources */,
				16141E00222B4736006F4016 /* Frameworks */,
				16141E01222B4736006F4016 /* Resources */,
				6A6B89F98795D6BED4072BAD /* [CP] Embed Pods Frameworks */,
				5480C92674AA9A978F38043F /* [CP] Copy Pods Resources */,
			);
			buildRules = (
			);
			dependencies = (
			);
			name = "Hood-Ranker-iOS";
			productName = "Hood-Ranker-iOS";
			productReference = 16141E03222B4736006F4016 /* Hood-Ranker-iOS.app */;
			productType = "com.apple.product-type.application";
		};
		16141E16222B4738006F4016 /* Hood-Ranker-iOSTests */ = {
			isa = PBXNativeTarget;
			buildConfigurationList = 16141E2E222B4738006F4016 /* Build configuration list for PBXNativeTarget "Hood-Ranker-iOSTests" */;
			buildPhases = (
				284CD4D782F58DDD2CB9136B /* [CP] Check Pods Manifest.lock */,
				16141E13222B4738006F4016 /* Sources */,
				16141E14222B4738006F4016 /* Frameworks */,
				16141E15222B4738006F4016 /* Resources */,
			);
			buildRules = (
			);
			dependencies = (
				16141E19222B4738006F4016 /* PBXTargetDependency */,
			);
			name = "Hood-Ranker-iOSTests";
			productName = "Hood-Ranker-iOSTests";
			productReference = 16141E17222B4738006F4016 /* Hood-Ranker-iOSTests.xctest */;
			productType = "com.apple.product-type.bundle.unit-test";
		};
		16141E21222B4738006F4016 /* Hood-Ranker-iOSUITests */ = {
			isa = PBXNativeTarget;
			buildConfigurationList = 16141E31222B4738006F4016 /* Build configuration list for PBXNativeTarget "Hood-Ranker-iOSUITests" */;
			buildPhases = (
				A57AFE59C8AF4C25EE3863F1 /* [CP] Check Pods Manifest.lock */,
				16141E1E222B4738006F4016 /* Sources */,
				16141E1F222B4738006F4016 /* Frameworks */,
				16141E20222B4738006F4016 /* Resources */,
			);
			buildRules = (
			);
			dependencies = (
				16141E24222B4738006F4016 /* PBXTargetDependency */,
			);
			name = "Hood-Ranker-iOSUITests";
			productName = "Hood-Ranker-iOSUITests";
			productReference = 16141E22222B4738006F4016 /* Hood-Ranker-iOSUITests.xctest */;
			productType = "com.apple.product-type.bundle.ui-testing";
		};
/* End PBXNativeTarget section */

/* Begin PBXProject section */
		16141DFB222B4736006F4016 /* Project object */ = {
			isa = PBXProject;
			attributes = {
				LastSwiftUpdateCheck = 1010;
				LastUpgradeCheck = 1010;
				ORGANIZATIONNAME = "Open Data Hack the Planet";
				TargetAttributes = {
					16141E02222B4736006F4016 = {
						CreatedOnToolsVersion = 10.1;
					};
					16141E16222B4738006F4016 = {
						CreatedOnToolsVersion = 10.1;
						TestTargetID = 16141E02222B4736006F4016;
					};
					16141E21222B4738006F4016 = {
						CreatedOnToolsVersion = 10.1;
						TestTargetID = 16141E02222B4736006F4016;
					};
				};
			};
			buildConfigurationList = 16141DFE222B4736006F4016 /* Build configuration list for PBXProject "Hood-Ranker-iOS" */;
			compatibilityVersion = "Xcode 9.3";
			developmentRegion = en;
			hasScannedForEncodings = 0;
			knownRegions = (
				en,
				Base,
			);
			mainGroup = 16141DFA222B4736006F4016;
			productRefGroup = 16141E04222B4736006F4016 /* Products */;
			projectDirPath = "";
			projectRoot = "";
			targets = (
				16141E02222B4736006F4016 /* Hood-Ranker-iOS */,
				16141E16222B4738006F4016 /* Hood-Ranker-iOSTests */,
				16141E21222B4738006F4016 /* Hood-Ranker-iOSUITests */,
			);
		};
/* End PBXProject section */

/* Begin PBXResourcesBuildPhase section */
		16141E01222B4736006F4016 /* Resources */ = {
			isa = PBXResourcesBuildPhase;
			buildActionMask = 2147483647;
			files = (
				16141E11222B4737006F4016 /* LaunchScreen.storyboard in Resources */,
				16141E0E222B4737006F4016 /* Assets.xcassets in Resources */,
				16141E0C222B4736006F4016 /* Main.storyboard in Resources */,
			);
			runOnlyForDeploymentPostprocessing = 0;
		};
		16141E15222B4738006F4016 /* Resources */ = {
			isa = PBXResourcesBuildPhase;
			buildActionMask = 2147483647;
			files = (
			);
			runOnlyForDeploymentPostprocessing = 0;
		};
		16141E20222B4738006F4016 /* Resources */ = {
			isa = PBXResourcesBuildPhase;
			buildActionMask = 2147483647;
			files = (
			);
			runOnlyForDeploymentPostprocessing = 0;
		};
/* End PBXResourcesBuildPhase section */

/* Begin PBXShellScriptBuildPhase section */
		284CD4D782F58DDD2CB9136B /* [CP] Check Pods Manifest.lock */ = {
			isa = PBXShellScriptBuildPhase;
			buildActionMask = 2147483647;
			files = (
			);
			inputPaths = (
				"${PODS_PODFILE_DIR_PATH}/Podfile.lock",
				"${PODS_ROOT}/Manifest.lock",
			);
			name = "[CP] Check Pods Manifest.lock";
			outputPaths = (
				"$(DERIVED_FILE_DIR)/Pods-Hood-Ranker-iOSTests-checkManifestLockResult.txt",
			);
			runOnlyForDeploymentPostprocessing = 0;
			shellPath = /bin/sh;
			shellScript = "diff \"${PODS_PODFILE_DIR_PATH}/Podfile.lock\" \"${PODS_ROOT}/Manifest.lock\" > /dev/null\nif [ $? != 0 ] ; then\n    # print error to STDERR\n    echo \"error: The sandbox is not in sync with the Podfile.lock. Run 'pod install' or update your CocoaPods installation.\" >&2\n    exit 1\nfi\n# This output is used by Xcode 'outputs' to avoid re-running this script phase.\necho \"SUCCESS\" > \"${SCRIPT_OUTPUT_FILE_0}\"\n";
			showEnvVarsInLog = 0;
		};
		5480C92674AA9A978F38043F /* [CP] Copy Pods Resources */ = {
			isa = PBXShellScriptBuildPhase;
			buildActionMask = 2147483647;
			files = (
			);
			inputPaths = (
				"${SRCROOT}/Pods/Target Support Files/Pods-Hood-Ranker-iOS/Pods-Hood-Ranker-iOS-resources.sh",
				"${PODS_ROOT}/ArcGIS-Runtime-SDK-iOS/ArcGIS.framework/ArcGIS.bundle",
			);
			name = "[CP] Copy Pods Resources";
			outputPaths = (
				"${TARGET_BUILD_DIR}/${UNLOCALIZED_RESOURCES_FOLDER_PATH}/ArcGIS.bundle",
			);
			runOnlyForDeploymentPostprocessing = 0;
			shellPath = /bin/sh;
			shellScript = "\"${SRCROOT}/Pods/Target Support Files/Pods-Hood-Ranker-iOS/Pods-Hood-Ranker-iOS-resources.sh\"\n";
			showEnvVarsInLog = 0;
		};
		6A6B89F98795D6BED4072BAD /* [CP] Embed Pods Frameworks */ = {
			isa = PBXShellScriptBuildPhase;
			buildActionMask = 2147483647;
			files = (
			);
			inputPaths = (
				"${SRCROOT}/Pods/Target Support Files/Pods-Hood-Ranker-iOS/Pods-Hood-Ranker-iOS-frameworks.sh",
				"${BUILT_PRODUCTS_DIR}/Apollo/Apollo.framework",
				"${PODS_ROOT}/ArcGIS-Runtime-SDK-iOS/ArcGIS.framework",
				"${PODS_ROOT}/ArcGIS-Runtime-SDK-iOS/ArcGIS.framework.dSYM",
			);
			name = "[CP] Embed Pods Frameworks";
			outputPaths = (
				"${TARGET_BUILD_DIR}/${FRAMEWORKS_FOLDER_PATH}/Apollo.framework",
				"${TARGET_BUILD_DIR}/${FRAMEWORKS_FOLDER_PATH}/ArcGIS.framework",
				"${DWARF_DSYM_FOLDER_PATH}/ArcGIS.framework.dSYM",
			);
			runOnlyForDeploymentPostprocessing = 0;
			shellPath = /bin/sh;
			shellScript = "\"${SRCROOT}/Pods/Target Support Files/Pods-Hood-Ranker-iOS/Pods-Hood-Ranker-iOS-frameworks.sh\"\n";
			showEnvVarsInLog = 0;
		};
		A57AFE59C8AF4C25EE3863F1 /* [CP] Check Pods Manifest.lock */ = {
			isa = PBXShellScriptBuildPhase;
			buildActionMask = 2147483647;
			files = (
			);
			inputPaths = (
				"${PODS_PODFILE_DIR_PATH}/Podfile.lock",
				"${PODS_ROOT}/Manifest.lock",
			);
			name = "[CP] Check Pods Manifest.lock";
			outputPaths = (
				"$(DERIVED_FILE_DIR)/Pods-Hood-Ranker-iOSUITests-checkManifestLockResult.txt",
			);
			runOnlyForDeploymentPostprocessing = 0;
			shellPath = /bin/sh;
			shellScript = "diff \"${PODS_PODFILE_DIR_PATH}/Podfile.lock\" \"${PODS_ROOT}/Manifest.lock\" > /dev/null\nif [ $? != 0 ] ; then\n    # print error to STDERR\n    echo \"error: The sandbox is not in sync with the Podfile.lock. Run 'pod install' or update your CocoaPods installation.\" >&2\n    exit 1\nfi\n# This output is used by Xcode 'outputs' to avoid re-running this script phase.\necho \"SUCCESS\" > \"${SCRIPT_OUTPUT_FILE_0}\"\n";
			showEnvVarsInLog = 0;
		};
		F8AC9F7E9E7845D88BD956EC /* [CP] Check Pods Manifest.lock */ = {
			isa = PBXShellScriptBuildPhase;
			buildActionMask = 2147483647;
			files = (
			);
			inputPaths = (
				"${PODS_PODFILE_DIR_PATH}/Podfile.lock",
				"${PODS_ROOT}/Manifest.lock",
			);
			name = "[CP] Check Pods Manifest.lock";
			outputPaths = (
				"$(DERIVED_FILE_DIR)/Pods-Hood-Ranker-iOS-checkManifestLockResult.txt",
			);
			runOnlyForDeploymentPostprocessing = 0;
			shellPath = /bin/sh;
			shellScript = "diff \"${PODS_PODFILE_DIR_PATH}/Podfile.lock\" \"${PODS_ROOT}/Manifest.lock\" > /dev/null\nif [ $? != 0 ] ; then\n    # print error to STDERR\n    echo \"error: The sandbox is not in sync with the Podfile.lock. Run 'pod install' or update your CocoaPods installation.\" >&2\n    exit 1\nfi\n# This output is used by Xcode 'outputs' to avoid re-running this script phase.\necho \"SUCCESS\" > \"${SCRIPT_OUTPUT_FILE_0}\"\n";
			showEnvVarsInLog = 0;
		};
/* End PBXShellScriptBuildPhase section */

/* Begin PBXSourcesBuildPhase section */
		16141DFF222B4736006F4016 /* Sources */ = {
			isa = PBXSourcesBuildPhase;
			buildActionMask = 2147483647;
			files = (
				16141E09222B4736006F4016 /* ViewController.swift in Sources */,
				16141E07222B4736006F4016 /* AppDelegate.swift in Sources */,
			);
			runOnlyForDeploymentPostprocessing = 0;
		};
		16141E13222B4738006F4016 /* Sources */ = {
			isa = PBXSourcesBuildPhase;
			buildActionMask = 2147483647;
			files = (
				16141E1C222B4738006F4016 /* Hood_Ranker_iOSTests.swift in Sources */,
			);
			runOnlyForDeploymentPostprocessing = 0;
		};
		16141E1E222B4738006F4016 /* Sources */ = {
			isa = PBXSourcesBuildPhase;
			buildActionMask = 2147483647;
			files = (
				16141E27222B4738006F4016 /* Hood_Ranker_iOSUITests.swift in Sources */,
			);
			runOnlyForDeploymentPostprocessing = 0;
		};
/* End PBXSourcesBuildPhase section */

/* Begin PBXTargetDependency section */
		16141E19222B4738006F4016 /* PBXTargetDependency */ = {
			isa = PBXTargetDependency;
			target = 16141E02222B4736006F4016 /* Hood-Ranker-iOS */;
			targetProxy = 16141E18222B4738006F4016 /* PBXContainerItemProxy */;
		};
		16141E24222B4738006F4016 /* PBXTargetDependency */ = {
			isa = PBXTargetDependency;
			target = 16141E02222B4736006F4016 /* Hood-Ranker-iOS */;
			targetProxy = 16141E23222B4738006F4016 /* PBXContainerItemProxy */;
		};
/* End PBXTargetDependency section */

/* Begin PBXVariantGroup section */
		16141E0A222B4736006F4016 /* Main.storyboard */ = {
			isa = PBXVariantGroup;
			children = (
				16141E0B222B4736006F4016 /* Base */,
			);
			name = Main.storyboard;
			sourceTree = "<group>";
		};
		16141E0F222B4737006F4016 /* LaunchScreen.storyboard */ = {
			isa = PBXVariantGroup;
			children = (
				16141E10222B4737006F4016 /* Base */,
			);
			name = LaunchScreen.storyboard;
			sourceTree = "<group>";
		};
/* End PBXVariantGroup section */

/* Begin XCBuildConfiguration section */
		16141E29222B4738006F4016 /* Debug */ = {
			isa = XCBuildConfiguration;
			buildSettings = {
				ALWAYS_SEARCH_USER_PATHS = NO;
				CLANG_ANALYZER_NONNULL = YES;
				CLANG_ANALYZER_NUMBER_OBJECT_CONVERSION = YES_AGGRESSIVE;
				CLANG_CXX_LANGUAGE_STANDARD = "gnu++14";
				CLANG_CXX_LIBRARY = "libc++";
				CLANG_ENABLE_MODULES = YES;
				CLANG_ENABLE_OBJC_ARC = YES;
				CLANG_ENABLE_OBJC_WEAK = YES;
				CLANG_WARN_BLOCK_CAPTURE_AUTORELEASING = YES;
				CLANG_WARN_BOOL_CONVERSION = YES;
				CLANG_WARN_COMMA = YES;
				CLANG_WARN_CONSTANT_CONVERSION = YES;
				CLANG_WARN_DEPRECATED_OBJC_IMPLEMENTATIONS = YES;
				CLANG_WARN_DIRECT_OBJC_ISA_USAGE = YES_ERROR;
				CLANG_WARN_DOCUMENTATION_COMMENTS = YES;
				CLANG_WARN_EMPTY_BODY = YES;
				CLANG_WARN_ENUM_CONVERSION = YES;
				CLANG_WARN_INFINITE_RECURSION = YES;
				CLANG_WARN_INT_CONVERSION = YES;
				CLANG_WARN_NON_LITERAL_NULL_CONVERSION = YES;
				CLANG_WARN_OBJC_IMPLICIT_RETAIN_SELF = YES;
				CLANG_WARN_OBJC_LITERAL_CONVERSION = YES;
				CLANG_WARN_OBJC_ROOT_CLASS = YES_ERROR;
				CLANG_WARN_RANGE_LOOP_ANALYSIS = YES;
				CLANG_WARN_STRICT_PROTOTYPES = YES;
				CLANG_WARN_SUSPICIOUS_MOVE = YES;
				CLANG_WARN_UNGUARDED_AVAILABILITY = YES_AGGRESSIVE;
				CLANG_WARN_UNREACHABLE_CODE = YES;
				CLANG_WARN__DUPLICATE_METHOD_MATCH = YES;
				CODE_SIGN_IDENTITY = "iPhone Developer";
				COPY_PHASE_STRIP = NO;
				DEBUG_INFORMATION_FORMAT = dwarf;
				ENABLE_STRICT_OBJC_MSGSEND = YES;
				ENABLE_TESTABILITY = YES;
				GCC_C_LANGUAGE_STANDARD = gnu11;
				GCC_DYNAMIC_NO_PIC = NO;
				GCC_NO_COMMON_BLOCKS = YES;
				GCC_OPTIMIZATION_LEVEL = 0;
				GCC_PREPROCESSOR_DEFINITIONS = (
					"DEBUG=1",
					"$(inherited)",
				);
				GCC_WARN_64_TO_32_BIT_CONVERSION = YES;
				GCC_WARN_ABOUT_RETURN_TYPE = YES_ERROR;
				GCC_WARN_UNDECLARED_SELECTOR = YES;
				GCC_WARN_UNINITIALIZED_AUTOS = YES_AGGRESSIVE;
				GCC_WARN_UNUSED_FUNCTION = YES;
				GCC_WARN_UNUSED_VARIABLE = YES;
				IPHONEOS_DEPLOYMENT_TARGET = 12.1;
				MTL_ENABLE_DEBUG_INFO = INCLUDE_SOURCE;
				MTL_FAST_MATH = YES;
				ONLY_ACTIVE_ARCH = YES;
				SDKROOT = iphoneos;
				SWIFT_ACTIVE_COMPILATION_CONDITIONS = DEBUG;
				SWIFT_OPTIMIZATION_LEVEL = "-Onone";
			};
			name = Debug;
		};
		16141E2A222B4738006F4016 /* Release */ = {
			isa = XCBuildConfiguration;
			buildSettings = {
				ALWAYS_SEARCH_USER_PATHS = NO;
				CLANG_ANALYZER_NONNULL = YES;
				CLANG_ANALYZER_NUMBER_OBJECT_CONVERSION = YES_AGGRESSIVE;
				CLANG_CXX_LANGUAGE_STANDARD = "gnu++14";
				CLANG_CXX_LIBRARY = "libc++";
				CLANG_ENABLE_MODULES = YES;
				CLANG_ENABLE_OBJC_ARC = YES;
				CLANG_ENABLE_OBJC_WEAK = YES;
				CLANG_WARN_BLOCK_CAPTURE_AUTORELEASING = YES;
				CLANG_WARN_BOOL_CONVERSION = YES;
				CLANG_WARN_COMMA = YES;
				CLANG_WARN_CONSTANT_CONVERSION = YES;
				CLANG_WARN_DEPRECATED_OBJC_IMPLEMENTATIONS = YES;
				CLANG_WARN_DIRECT_OBJC_ISA_USAGE = YES_ERROR;
				CLANG_WARN_DOCUMENTATION_COMMENTS = YES;
				CLANG_WARN_EMPTY_BODY = YES;
				CLANG_WARN_ENUM_CONVERSION = YES;
				CLANG_WARN_INFINITE_RECURSION = YES;
				CLANG_WARN_INT_CONVERSION = YES;
				CLANG_WARN_NON_LITERAL_NULL_CONVERSION = YES;
				CLANG_WARN_OBJC_IMPLICIT_RETAIN_SELF = YES;
				CLANG_WARN_OBJC_LITERAL_CONVERSION = YES;
				CLANG_WARN_OBJC_ROOT_CLASS = YES_ERROR;
				CLANG_WARN_RANGE_LOOP_ANALYSIS = YES;
				CLANG_WARN_STRICT_PROTOTYPES = YES;
				CLANG_WARN_SUSPICIOUS_MOVE = YES;
				CLANG_WARN_UNGUARDED_AVAILABILITY = YES_AGGRESSIVE;
				CLANG_WARN_UNREACHABLE_CODE = YES;
				CLANG_WARN__DUPLICATE_METHOD_MATCH = YES;
				CODE_SIGN_IDENTITY = "iPhone Developer";
				COPY_PHASE_STRIP = NO;
				DEBUG_INFORMATION_FORMAT = "dwarf-with-dsym";
				ENABLE_NS_ASSERTIONS = NO;
				ENABLE_STRICT_OBJC_MSGSEND = YES;
				GCC_C_LANGUAGE_STANDARD = gnu11;
				GCC_NO_COMMON_BLOCKS = YES;
				GCC_WARN_64_TO_32_BIT_CONVERSION = YES;
				GCC_WARN_ABOUT_RETURN_TYPE = YES_ERROR;
				GCC_WARN_UNDECLARED_SELECTOR = YES;
				GCC_WARN_UNINITIALIZED_AUTOS = YES_AGGRESSIVE;
				GCC_WARN_UNUSED_FUNCTION = YES;
				GCC_WARN_UNUSED_VARIABLE = YES;
				IPHONEOS_DEPLOYMENT_TARGET = 12.1;
				MTL_ENABLE_DEBUG_INFO = NO;
				MTL_FAST_MATH = YES;
				SDKROOT = iphoneos;
				SWIFT_COMPILATION_MODE = wholemodule;
				SWIFT_OPTIMIZATION_LEVEL = "-O";
				VALIDATE_PRODUCT = YES;
			};
			name = Release;
		};
		16141E2C222B4738006F4016 /* Debug */ = {
			isa = XCBuildConfiguration;
			baseConfigurationReference = F06CC9A4CA7C6343FC50A84E /* Pods-Hood-Ranker-iOS.debug.xcconfig */;
			buildSettings = {
				ASSETCATALOG_COMPILER_APPICON_NAME = AppIcon;
				CODE_SIGN_STYLE = Automatic;
				INFOPLIST_FILE = "Hood-Ranker-iOS/Info.plist";
				LD_RUNPATH_SEARCH_PATHS = (
					"$(inherited)",
					"@executable_path/Frameworks",
				);
				PRODUCT_BUNDLE_IDENTIFIER = "com.opendatahacktheplanet.Hood-Ranker-iOS";
				PRODUCT_NAME = "$(TARGET_NAME)";
				SWIFT_VERSION = 4.2;
				TARGETED_DEVICE_FAMILY = "1,2";
			};
			name = Debug;
		};
		16141E2D222B4738006F4016 /* Release */ = {
			isa = XCBuildConfiguration;
			baseConfigurationReference = 8072A2BF81958D9BC5EE7CBE /* Pods-Hood-Ranker-iOS.release.xcconfig */;
			buildSettings = {
				ASSETCATALOG_COMPILER_APPICON_NAME = AppIcon;
				CODE_SIGN_STYLE = Automatic;
				INFOPLIST_FILE = "Hood-Ranker-iOS/Info.plist";
				LD_RUNPATH_SEARCH_PATHS = (
					"$(inherited)",
					"@executable_path/Frameworks",
				);
				PRODUCT_BUNDLE_IDENTIFIER = "com.opendatahacktheplanet.Hood-Ranker-iOS";
				PRODUCT_NAME = "$(TARGET_NAME)";
				SWIFT_VERSION = 4.2;
				TARGETED_DEVICE_FAMILY = "1,2";
			};
			name = Release;
		};
		16141E2F222B4738006F4016 /* Debug */ = {
			isa = XCBuildConfiguration;
			baseConfigurationReference = A38248C5E2AB4DBDA36DB9C5 /* Pods-Hood-Ranker-iOSTests.debug.xcconfig */;
			buildSettings = {
				ALWAYS_EMBED_SWIFT_STANDARD_LIBRARIES = YES;
				BUNDLE_LOADER = "$(TEST_HOST)";
				CODE_SIGN_STYLE = Automatic;
				INFOPLIST_FILE = "Hood-Ranker-iOSTests/Info.plist";
				LD_RUNPATH_SEARCH_PATHS = (
					"$(inherited)",
					"@executable_path/Frameworks",
					"@loader_path/Frameworks",
				);
				PRODUCT_BUNDLE_IDENTIFIER = "com.opendatahacktheplanet.Hood-Ranker-iOSTests";
				PRODUCT_NAME = "$(TARGET_NAME)";
				SWIFT_VERSION = 4.2;
				TARGETED_DEVICE_FAMILY = "1,2";
				TEST_HOST = "$(BUILT_PRODUCTS_DIR)/Hood-Ranker-iOS.app/Hood-Ranker-iOS";
			};
			name = Debug;
		};
		16141E30222B4738006F4016 /* Release */ = {
			isa = XCBuildConfiguration;
			baseConfigurationReference = 923F21AF98882A0AE84610C5 /* Pods-Hood-Ranker-iOSTests.release.xcconfig */;
			buildSettings = {
				ALWAYS_EMBED_SWIFT_STANDARD_LIBRARIES = YES;
				BUNDLE_LOADER = "$(TEST_HOST)";
				CODE_SIGN_STYLE = Automatic;
				INFOPLIST_FILE = "Hood-Ranker-iOSTests/Info.plist";
				LD_RUNPATH_SEARCH_PATHS = (
					"$(inherited)",
					"@executable_path/Frameworks",
					"@loader_path/Frameworks",
				);
				PRODUCT_BUNDLE_IDENTIFIER = "com.opendatahacktheplanet.Hood-Ranker-iOSTests";
				PRODUCT_NAME = "$(TARGET_NAME)";
				SWIFT_VERSION = 4.2;
				TARGETED_DEVICE_FAMILY = "1,2";
				TEST_HOST = "$(BUILT_PRODUCTS_DIR)/Hood-Ranker-iOS.app/Hood-Ranker-iOS";
			};
			name = Release;
		};
		16141E32222B4738006F4016 /* Debug */ = {
			isa = XCBuildConfiguration;
			baseConfigurationReference = C1F7EF00337A0D34DAFA04F6 /* Pods-Hood-Ranker-iOSUITests.debug.xcconfig */;
			buildSettings = {
				ALWAYS_EMBED_SWIFT_STANDARD_LIBRARIES = YES;
				CODE_SIGN_STYLE = Automatic;
				INFOPLIST_FILE = "Hood-Ranker-iOSUITests/Info.plist";
				LD_RUNPATH_SEARCH_PATHS = (
					"$(inherited)",
					"@executable_path/Frameworks",
					"@loader_path/Frameworks",
				);
				PRODUCT_BUNDLE_IDENTIFIER = "com.opendatahacktheplanet.Hood-Ranker-iOSUITests";
				PRODUCT_NAME = "$(TARGET_NAME)";
				SWIFT_VERSION = 4.2;
				TARGETED_DEVICE_FAMILY = "1,2";
				TEST_TARGET_NAME = "Hood-Ranker-iOS";
			};
			name = Debug;
		};
		16141E33222B4738006F4016 /* Release */ = {
			isa = XCBuildConfiguration;
			baseConfigurationReference = 08740B74376AC7F11BC4EF4D /* Pods-Hood-Ranker-iOSUITests.release.xcconfig */;
			buildSettings = {
				ALWAYS_EMBED_SWIFT_STANDARD_LIBRARIES = YES;
				CODE_SIGN_STYLE = Automatic;
				INFOPLIST_FILE = "Hood-Ranker-iOSUITests/Info.plist";
				LD_RUNPATH_SEARCH_PATHS = (
					"$(inherited)",
					"@executable_path/Frameworks",
					"@loader_path/Frameworks",
				);
				PRODUCT_BUNDLE_IDENTIFIER = "com.opendatahacktheplanet.Hood-Ranker-iOSUITests";
				PRODUCT_NAME = "$(TARGET_NAME)";
				SWIFT_VERSION = 4.2;
				TARGETED_DEVICE_FAMILY = "1,2";
				TEST_TARGET_NAME = "Hood-Ranker-iOS";
			};
			name = Release;
		};
/* End XCBuildConfiguration section */

/* Begin XCConfigurationList section */
		16141DFE222B4736006F4016 /* Build configuration list for PBXProject "Hood-Ranker-iOS" */ = {
			isa = XCConfigurationList;
			buildConfigurations = (
				16141E29222B4738006F4016 /* Debug */,
				16141E2A222B4738006F4016 /* Release */,
			);
			defaultConfigurationIsVisible = 0;
			defaultConfigurationName = Release;
		};
		16141E2B222B4738006F4016 /* Build configuration list for PBXNativeTarget "Hood-Ranker-iOS" */ = {
			isa = XCConfigurationList;
			buildConfigurations = (
				16141E2C222B4738006F4016 /* Debug */,
				16141E2D222B4738006F4016 /* Release */,
			);
			defaultConfigurationIsVisible = 0;
			defaultConfigurationName = Release;
		};
		16141E2E222B4738006F4016 /* Build configuration list for PBXNativeTarget "Hood-Ranker-iOSTests" */ = {
			isa = XCConfigurationList;
			buildConfigurations = (
				16141E2F222B4738006F4016 /* Debug */,
				16141E30222B4738006F4016 /* Release */,
			);
			defaultConfigurationIsVisible = 0;
			defaultConfigurationName = Release;
		};
		16141E31222B4738006F4016 /* Build configuration list for PBXNativeTarget "Hood-Ranker-iOSUITests" */ = {
			isa = XCConfigurationList;
			buildConfigurations = (
				16141E32222B4738006F4016 /* Debug */,
				16141E33222B4738006F4016 /* Release */,
			);
			defaultConfigurationIsVisible = 0;
			defaultConfigurationName = Release;
		};
/* End XCConfigurationList section */
	};
	rootObject = 16141DFB222B4736006F4016 /* Project object */;
}
